
Microsoft Visual Studio Solution File, Format Version 12.00
# Visual Studio 2013
VisualStudioVersion = 12.0.30501.0
MinimumVisualStudioVersion = 10.0.40219.1
Project("{FAE04EC0-301F-11D3-BF4B-00C04F79EFBC}") = "Quiron.LojaVirtual.Dominio", "Quiron.LojaVirtual.Dominio\Quiron.LojaVirtual.Dominio.csproj", "{BB66197B-D5FA-4FF9-A2E6-CF3E229946A6}"
EndProject
Project("{FAE04EC0-301F-11D3-BF4B-00C04F79EFBC}") = "Quiron.LojaVirtual.Web", "Quiron.LojaVirtual.Web\Quiron.LojaVirtual.Web.csproj", "{BC0433B5-7ED4-4B3C-9C68-F36ABB910AE4}"
EndProject
Project("{FAE04EC0-301F-11D3-BF4B-00C04F79EFBC}") = "Quiron.LojaVirtual.UnitTest", "Quiron.LojaVirtual.UnitTest\Quiron.LojaVirtual.UnitTest.csproj", "{32D0DF9A-F4F7-491E-ADB4-EBFFD8813583}"
EndProject
Global
	GlobalSection(SolutionConfigurationPlatforms) = preSolution
		Debug|Any CPU = Debug|Any CPU
		Release|Any CPU = Release|Any CPU
	EndGlobalSection
	GlobalSection(ProjectConfigurationPlatforms) = postSolution
		{BB66197B-D5FA-4FF9-A2E6-CF3E229946A6}.Debug|Any CPU.ActiveCfg = Debug|Any CPU
		{BB66197B-D5FA-4FF9-A2E6-CF3E229946A6}.Debug|Any CPU.Build.0 = Debug|Any CPU
		{BB66197B-D5FA-4FF9-A2E6-CF3E229946A6}.Release|Any CPU.ActiveCfg = Release|Any CPU
		{BB66197B-D5FA-4FF9-A2E6-CF3E229946A6}.Release|Any CPU.Build.0 = Release|Any CPU
		{BC0433B5-7ED4-4B3C-9C68-F36ABB910AE4}.Debug|Any CPU.ActiveCfg = Debug|Any CPU
		{BC0433B5-7ED4-4B3C-9C68-F36ABB910AE4}.Debug|Any CPU.Build.0 = Debug|Any CPU
		{BC0433B5-7ED4-4B3C-9C68-F36ABB910AE4}.Release|Any CPU.ActiveCfg = Release|Any CPU
		{BC0433B5-7ED4-4B3C-9C68-F36ABB910AE4}.Release|Any CPU.Build.0 = Release|Any CPU
		{32D0DF9A-F4F7-491E-ADB4-EBFFD8813583}.Debug|Any CPU.ActiveCfg = Debug|Any CPU
		{32D0DF9A-F4F7-491E-ADB4-EBFFD8813583}.Debug|Any CPU.Build.0 = Debug|Any CPU
		{32D0DF9A-F4F7-491E-ADB4-EBFFD8813583}.Release|Any CPU.ActiveCfg = Release|Any CPU
		{32D0DF9A-F4F7-491E-ADB4-EBFFD8813583}.Release|Any CPU.Build.0 = Release|Any CPU
	EndGlobalSection
	GlobalSection(SolutionProperties) = preSolution
		HideSolutionNode = FALSE
	EndGlobalSection
EndGlobal
